// !$*UTF8*$!
{
	archiveVersion = 1;
	classes = {
	};
	objectVersion = 50;
	objects = {

/* Begin PBXBuildFile section */
		C4A3BB172277C61000754989 /* AppDelegate.swift in Sources */ = {isa = PBXBuildFile; fileRef = C4A3BB162277C61000754989 /* AppDelegate.swift */; };
		C4A3BB192277C61000754989 /* ViewController.swift in Sources */ = {isa = PBXBuildFile; fileRef = C4A3BB182277C61000754989 /* ViewController.swift */; };
		C4A3BB1B2277C61100754989 /* Assets.xcassets in Resources */ = {isa = PBXBuildFile; fileRef = C4A3BB1A2277C61100754989 /* Assets.xcassets */; };
		C4A3BB1E2277C61100754989 /* Main.storyboard in Resources */ = {isa = PBXBuildFile; fileRef = C4A3BB1C2277C61100754989 /* Main.storyboard */; };
		C4A3BB2A2277C61100754989 /* ScrapBookTests.swift in Sources */ = {isa = PBXBuildFile; fileRef = C4A3BB292277C61100754989 /* ScrapBookTests.swift */; };
		C4A3BB352277C61100754989 /* ScrapBookUITests.swift in Sources */ = {isa = PBXBuildFile; fileRef = C4A3BB342277C61100754989 /* ScrapBookUITests.swift */; };
		C4A3BB432277C76E00754989 /* DraggableTextView.swift in Sources */ = {isa = PBXBuildFile; fileRef = C4A3BB422277C76E00754989 /* DraggableTextView.swift */; };
/* End PBXBuildFile section */

/* Begin PBXContainerItemProxy section */
		C4A3BB262277C61100754989 /* PBXContainerItemProxy */ = {
			isa = PBXContainerItemProxy;
			containerPortal = C4A3BB0B2277C61000754989 /* Project object */;
			proxyType = 1;
			remoteGlobalIDString = C4A3BB122277C61000754989;
			remoteInfo = ScrapBook;
		};
		C4A3BB312277C61100754989 /* PBXContainerItemProxy */ = {
			isa = PBXContainerItemProxy;
			containerPortal = C4A3BB0B2277C61000754989 /* Project object */;
			proxyType = 1;
			remoteGlobalIDString = C4A3BB122277C61000754989;
			remoteInfo = ScrapBook;
		};
/* End PBXContainerItemProxy section */

/* Begin PBXFileReference section */
		C4A3BB132277C61000754989 /* ScrapBook.app */ = {isa = PBXFileReference; explicitFileType = wrapper.application; includeInIndex = 0; path = ScrapBook.app; sourceTree = BUILT_PRODUCTS_DIR; };
		C4A3BB162277C61000754989 /* AppDelegate.swift */ = {isa = PBXFileReference; lastKnownFileType = sourcecode.swift; path = AppDelegate.swift; sourceTree = "<group>"; };
		C4A3BB182277C61000754989 /* ViewController.swift */ = {isa = PBXFileReference; lastKnownFileType = sourcecode.swift; path = ViewController.swift; sourceTree = "<group>"; };
		C4A3BB1A2277C61100754989 /* Assets.xcassets */ = {isa = PBXFileReference; lastKnownFileType = folder.assetcatalog; path = Assets.xcassets; sourceTree = "<group>"; };
		C4A3BB1D2277C61100754989 /* Base */ = {isa = PBXFileReference; lastKnownFileType = file.storyboard; name = Base; path = Base.lproj/Main.storyboard; sourceTree = "<group>"; };
		C4A3BB1F2277C61100754989 /* Info.plist */ = {isa = PBXFileReference; lastKnownFileType = text.plist.xml; path = Info.plist; sourceTree = "<group>"; };
		C4A3BB202277C61100754989 /* ScrapBook.entitlements */ = {isa = PBXFileReference; lastKnownFileType = text.plist.entitlements; path = ScrapBook.entitlements; sourceTree = "<group>"; };
		C4A3BB252277C61100754989 /* ScrapBookTests.xctest */ = {isa = PBXFileReference; explicitFileType = wrapper.cfbundle; includeInIndex = 0; path = ScrapBookTests.xctest; sourceTree = BUILT_PRODUCTS_DIR; };
		C4A3BB292277C61100754989 /* ScrapBookTests.swift */ = {isa = PBXFileReference; lastKnownFileType = sourcecode.swift; path = ScrapBookTests.swift; sourceTree = "<group>"; };
		C4A3BB2B2277C61100754989 /* Info.plist */ = {isa = PBXFileReference; lastKnownFileType = text.plist.xml; path = Info.plist; sourceTree = "<group>"; };
		C4A3BB302277C61100754989 /* ScrapBookUITests.xctest */ = {isa = PBXFileReference; explicitFileType = wrapper.cfbundle; includeInIndex = 0; path = ScrapBookUITests.xctest; sourceTree = BUILT_PRODUCTS_DIR; };
		C4A3BB342277C61100754989 /* ScrapBookUITests.swift */ = {isa = PBXFileReference; lastKnownFileType = sourcecode.swift; path = ScrapBookUITests.swift; sourceTree = "<group>"; };
		C4A3BB362277C61100754989 /* Info.plist */ = {isa = PBXFileReference; lastKnownFileType = text.plist.xml; path = Info.plist; sourceTree = "<group>"; };
		C4A3BB422277C76E00754989 /* DraggableTextView.swift */ = {isa = PBXFileReference; lastKnownFileType = sourcecode.swift; path = DraggableTextView.swift; sourceTree = "<group>"; };
/* End PBXFileReference section */

/* Begin PBXFrameworksBuildPhase section */
		C4A3BB102277C61000754989 /* Frameworks */ = {
			isa = PBXFrameworksBuildPhase;
			buildActionMask = 2147483647;
			files = (
			);
			runOnlyForDeploymentPostprocessing = 0;
		};
		C4A3BB222277C61100754989 /* Frameworks */ = {
			isa = PBXFrameworksBuildPhase;
			buildActionMask = 2147483647;
			files = (
			);
			runOnlyForDeploymentPostprocessing = 0;
		};
		C4A3BB2D2277C61100754989 /* Frameworks */ = {
			isa = PBXFrameworksBuildPhase;
			buildActionMask = 2147483647;
			files = (
			);
			runOnlyForDeploymentPostprocessing = 0;
		};
/* End PBXFrameworksBuildPhase section */

/* Begin PBXGroup section */
		C4A3BB0A2277C61000754989 = {
			isa = PBXGroup;
			children = (
				C4A3BB152277C61000754989 /* ScrapBook */,
				C4A3BB282277C61100754989 /* ScrapBookTests */,
				C4A3BB332277C61100754989 /* ScrapBookUITests */,
				C4A3BB142277C61000754989 /* Products */,
			);
			sourceTree = "<group>";
		};
		C4A3BB142277C61000754989 /* Products */ = {
			isa = PBXGroup;
			children = (
				C4A3BB132277C61000754989 /* ScrapBook.app */,
				C4A3BB252277C61100754989 /* ScrapBookTests.xctest */,
				C4A3BB302277C61100754989 /* ScrapBookUITests.xctest */,
			);
			name = Products;
			sourceTree = "<group>";
		};
		C4A3BB152277C61000754989 /* ScrapBook */ = {
			isa = PBXGroup;
			children = (
				C4A3BB162277C61000754989 /* AppDelegate.swift */,
				C4A3BB182277C61000754989 /* ViewController.swift */,
				C4A3BB1A2277C61100754989 /* Assets.xcassets */,
				C4A3BB1C2277C61100754989 /* Main.storyboard */,
				C4A3BB1F2277C61100754989 /* Info.plist */,
				C4A3BB202277C61100754989 /* ScrapBook.entitlements */,
				C4A3BB422277C76E00754989 /* DraggableTextView.swift */,
			);
			path = ScrapBook;
			sourceTree = "<group>";
		};
		C4A3BB282277C61100754989 /* ScrapBookTests */ = {
			isa = PBXGroup;
			children = (
				C4A3BB292277C61100754989 /* ScrapBookTests.swift */,
				C4A3BB2B2277C61100754989 /* Info.plist */,
			);
			path = ScrapBookTests;
			sourceTree = "<group>";
		};
		C4A3BB332277C61100754989 /* ScrapBookUITests */ = {
			isa = PBXGroup;
			children = (
				C4A3BB342277C61100754989 /* ScrapBookUITests.swift */,
				C4A3BB362277C61100754989 /* Info.plist */,
			);
			path = ScrapBookUITests;
			sourceTree = "<group>";
		};
/* End PBXGroup section */

/* Begin PBXNativeTarget section */
		C4A3BB122277C61000754989 /* ScrapBook */ = {
			isa = PBXNativeTarget;
			buildConfigurationList = C4A3BB392277C61100754989 /* Build configuration list for PBXNativeTarget "ScrapBook" */;
			buildPhases = (
				C4A3BB0F2277C61000754989 /* Sources */,
				C4A3BB102277C61000754989 /* Frameworks */,
				C4A3BB112277C61000754989 /* Resources */,
			);
			buildRules = (
			);
			dependencies = (
			);
			name = ScrapBook;
			productName = ScrapBook;
			productReference = C4A3BB132277C61000754989 /* ScrapBook.app */;
			productType = "com.apple.product-type.application";
		};
		C4A3BB242277C61100754989 /* ScrapBookTests */ = {
			isa = PBXNativeTarget;
			buildConfigurationList = C4A3BB3C2277C61100754989 /* Build configuration list for PBXNativeTarget "ScrapBookTests" */;
			buildPhases = (
				C4A3BB212277C61100754989 /* Sources */,
				C4A3BB222277C61100754989 /* Frameworks */,
				C4A3BB232277C61100754989 /* Resources */,
			);
			buildRules = (
			);
			dependencies = (
				C4A3BB272277C61100754989 /* PBXTargetDependency */,
			);
			name = ScrapBookTests;
			productName = ScrapBookTests;
			productReference = C4A3BB252277C61100754989 /* ScrapBookTests.xctest */;
			productType = "com.apple.product-type.bundle.unit-test";
		};
		C4A3BB2F2277C61100754989 /* ScrapBookUITests */ = {
			isa = PBXNativeTarget;
			buildConfigurationList = C4A3BB3F2277C61100754989 /* Build configuration list for PBXNativeTarget "ScrapBookUITests" */;
			buildPhases = (
				C4A3BB2C2277C61100754989 /* Sources */,
				C4A3BB2D2277C61100754989 /* Frameworks */,
				C4A3BB2E2277C61100754989 /* Resources */,
			);
			buildRules = (
			);
			dependencies = (
				C4A3BB322277C61100754989 /* PBXTargetDependency */,
			);
			name = ScrapBookUITests;
			productName = ScrapBookUITests;
			productReference = C4A3BB302277C61100754989 /* ScrapBookUITests.xctest */;
			productType = "com.apple.product-type.bundle.ui-testing";
		};
/* End PBXNativeTarget section */

/* Begin PBXProject section */
		C4A3BB0B2277C61000754989 /* Project object */ = {
			isa = PBXProject;
			attributes = {
				LastSwiftUpdateCheck = 1010;
				LastUpgradeCheck = 1010;
				ORGANIZATIONNAME = "矢野 義範";
				TargetAttributes = {
					C4A3BB122277C61000754989 = {
						CreatedOnToolsVersion = 10.1;
					};
					C4A3BB242277C61100754989 = {
						CreatedOnToolsVersion = 10.1;
						TestTargetID = C4A3BB122277C61000754989;
					};
					C4A3BB2F2277C61100754989 = {
						CreatedOnToolsVersion = 10.1;
						TestTargetID = C4A3BB122277C61000754989;
					};
				};
			};
			buildConfigurationList = C4A3BB0E2277C61000754989 /* Build configuration list for PBXProject "ScrapBook" */;
			compatibilityVersion = "Xcode 9.3";
			developmentRegion = en;
			hasScannedForEncodings = 0;
			knownRegions = (
				en,
				Base,
			);
			mainGroup = C4A3BB0A2277C61000754989;
			productRefGroup = C4A3BB142277C61000754989 /* Products */;
			projectDirPath = "";
			projectRoot = "";
			targets = (
				C4A3BB122277C61000754989 /* ScrapBook */,
				C4A3BB242277C61100754989 /* ScrapBookTests */,
				C4A3BB2F2277C61100754989 /* ScrapBookUITests */,
			);
		};
/* End PBXProject section */

/* Begin PBXResourcesBuildPhase section */
		C4A3BB112277C61000754989 /* Resources */ = {
			isa = PBXResourcesBuildPhase;
			buildActionMask = 2147483647;
			files = (
				C4A3BB1B2277C61100754989 /* Assets.xcassets in Resources */,
				C4A3BB1E2277C61100754989 /* Main.storyboard in Resources */,
			);
			runOnlyForDeploymentPostprocessing = 0;
		};
		C4A3BB232277C61100754989 /* Resources */ = {
			isa = PBXResourcesBuildPhase;
			buildActionMask = 2147483647;
			files = (
			);
			runOnlyForDeploymentPostprocessing = 0;
		};
		C4A3BB2E2277C61100754989 /* Resources */ = {
			isa = PBXResourcesBuildPhase;
			buildActionMask = 2147483647;
			files = (
			);
			runOnlyForDeploymentPostprocessing = 0;
		};
/* End PBXResourcesBuildPhase section */

/* Begin PBXSourcesBuildPhase section */
		C4A3BB0F2277C61000754989 /* Sources */ = {
			isa = PBXSourcesBuildPhase;
			buildActionMask = 2147483647;
			files = (
				C4A3BB432277C76E00754989 /* DraggableTextView.swift in Sources */,
				C4A3BB192277C61000754989 /* ViewController.swift in Sources */,
				C4A3BB172277C61000754989 /* AppDelegate.swift in Sources */,
			);
			runOnlyForDeploymentPostprocessing = 0;
		};
		C4A3BB212277C61100754989 /* Sources */ = {
			isa = PBXSourcesBuildPhase;
			buildActionMask = 2147483647;
			files = (
				C4A3BB2A2277C61100754989 /* ScrapBookTests.swift in Sources */,
			);
			runOnlyForDeploymentPostprocessing = 0;
		};
		C4A3BB2C2277C61100754989 /* Sources */ = {
			isa = PBXSourcesBuildPhase;
			buildActionMask = 2147483647;
			files = (
				C4A3BB352277C61100754989 /* ScrapBookUITests.swift in Sources */,
			);
			runOnlyForDeploymentPostprocessing = 0;
		};
/* End PBXSourcesBuildPhase section */

/* Begin PBXTargetDependency section */
		C4A3BB272277C61100754989 /* PBXTargetDependency */ = {
			isa = PBXTargetDependency;
			target = C4A3BB122277C61000754989 /* ScrapBook */;
			targetProxy = C4A3BB262277C61100754989 /* PBXContainerItemProxy */;
		};
		C4A3BB322277C61100754989 /* PBXTargetDependency */ = {
			isa = PBXTargetDependency;
			target = C4A3BB122277C61000754989 /* ScrapBook */;
			targetProxy = C4A3BB312277C61100754989 /* PBXContainerItemProxy */;
		};
/* End PBXTargetDependency section */

/* Begin PBXVariantGroup section */
		C4A3BB1C2277C61100754989 /* Main.storyboard */ = {
			isa = PBXVariantGroup;
			children = (
				C4A3BB1D2277C61100754989 /* Base */,
			);
			name = Main.storyboard;
			sourceTree = "<group>";
		};
/* End PBXVariantGroup section */

/* Begin XCBuildConfiguration section */
		C4A3BB372277C61100754989 /* Debug */ = {
			isa = XCBuildConfiguration;
			buildSettings = {
				ALWAYS_SEARCH_USER_PATHS = NO;
				CLANG_ANALYZER_NONNULL = YES;
				CLANG_ANALYZER_NUMBER_OBJECT_CONVERSION = YES_AGGRESSIVE;
				CLANG_CXX_LANGUAGE_STANDARD = "gnu++14";
				CLANG_CXX_LIBRARY = "libc++";
				CLANG_ENABLE_MODULES = YES;
				CLANG_ENABLE_OBJC_ARC = YES;
				CLANG_ENABLE_OBJC_WEAK = YES;
				CLANG_WARN_BLOCK_CAPTURE_AUTORELEASING = YES;
				CLANG_WARN_BOOL_CONVERSION = YES;
				CLANG_WARN_COMMA = YES;
				CLANG_WARN_CONSTANT_CONVERSION = YES;
				CLANG_WARN_DEPRECATED_OBJC_IMPLEMENTATIONS = YES;
				CLANG_WARN_DIRECT_OBJC_ISA_USAGE = YES_ERROR;
				CLANG_WARN_DOCUMENTATION_COMMENTS = YES;
				CLANG_WARN_EMPTY_BODY = YES;
				CLANG_WARN_ENUM_CONVERSION = YES;
				CLANG_WARN_INFINITE_RECURSION = YES;
				CLANG_WARN_INT_CONVERSION = YES;
				CLANG_WARN_NON_LITERAL_NULL_CONVERSION = YES;
				CLANG_WARN_OBJC_IMPLICIT_RETAIN_SELF = YES;
				CLANG_WARN_OBJC_LITERAL_CONVERSION = YES;
				CLANG_WARN_OBJC_ROOT_CLASS = YES_ERROR;
				CLANG_WARN_RANGE_LOOP_ANALYSIS = YES;
				CLANG_WARN_STRICT_PROTOTYPES = YES;
				CLANG_WARN_SUSPICIOUS_MOVE = YES;
				CLANG_WARN_UNGUARDED_AVAILABILITY = YES_AGGRESSIVE;
				CLANG_WARN_UNREACHABLE_CODE = YES;
				CLANG_WARN__DUPLICATE_METHOD_MATCH = YES;
				CODE_SIGN_IDENTITY = "-";
				COPY_PHASE_STRIP = NO;
				DEBUG_INFORMATION_FORMAT = dwarf;
				ENABLE_STRICT_OBJC_MSGSEND = YES;
				ENABLE_TESTABILITY = YES;
				GCC_C_LANGUAGE_STANDARD = gnu11;
				GCC_DYNAMIC_NO_PIC = NO;
				GCC_NO_COMMON_BLOCKS = YES;
				GCC_OPTIMIZATION_LEVEL = 0;
				GCC_PREPROCESSOR_DEFINITIONS = (
					"DEBUG=1",
					"$(inherited)",
				);
				GCC_WARN_64_TO_32_BIT_CONVERSION = YES;
				GCC_WARN_ABOUT_RETURN_TYPE = YES_ERROR;
				GCC_WARN_UNDECLARED_SELECTOR = YES;
				GCC_WARN_UNINITIALIZED_AUTOS = YES_AGGRESSIVE;
				GCC_WARN_UNUSED_FUNCTION = YES;
				GCC_WARN_UNUSED_VARIABLE = YES;
				MACOSX_DEPLOYMENT_TARGET = 10.13;
				MTL_ENABLE_DEBUG_INFO = INCLUDE_SOURCE;
				MTL_FAST_MATH = YES;
				ONLY_ACTIVE_ARCH = YES;
				SDKROOT = macosx;
				SWIFT_ACTIVE_COMPILATION_CONDITIONS = DEBUG;
				SWIFT_OPTIMIZATION_LEVEL = "-Onone";
			};
			name = Debug;
		};
		C4A3BB382277C61100754989 /* Release */ = {
			isa = XCBuildConfiguration;
			buildSettings = {
				ALWAYS_SEARCH_USER_PATHS = NO;
				CLANG_ANALYZER_NONNULL = YES;
				CLANG_ANALYZER_NUMBER_OBJECT_CONVERSION = YES_AGGRESSIVE;
				CLANG_CXX_LANGUAGE_STANDARD = "gnu++14";
				CLANG_CXX_LIBRARY = "libc++";
				CLANG_ENABLE_MODULES = YES;
				CLANG_ENABLE_OBJC_ARC = YES;
				CLANG_ENABLE_OBJC_WEAK = YES;
				CLANG_WARN_BLOCK_CAPTURE_AUTORELEASING = YES;
				CLANG_WARN_BOOL_CONVERSION = YES;
				CLANG_WARN_COMMA = YES;
				CLANG_WARN_CONSTANT_CONVERSION = YES;
				CLANG_WARN_DEPRECATED_OBJC_IMPLEMENTATIONS = YES;
				CLANG_WARN_DIRECT_OBJC_ISA_USAGE = YES_ERROR;
				CLANG_WARN_DOCUMENTATION_COMMENTS = YES;
				CLANG_WARN_EMPTY_BODY = YES;
				CLANG_WARN_ENUM_CONVERSION = YES;
				CLANG_WARN_INFINITE_RECURSION = YES;
				CLANG_WARN_INT_CONVERSION = YES;
				CLANG_WARN_NON_LITERAL_NULL_CONVERSION = YES;
				CLANG_WARN_OBJC_IMPLICIT_RETAIN_SELF = YES;
				CLANG_WARN_OBJC_LITERAL_CONVERSION = YES;
				CLANG_WARN_OBJC_ROOT_CLASS = YES_ERROR;
				CLANG_WARN_RANGE_LOOP_ANALYSIS = YES;
				CLANG_WARN_STRICT_PROTOTYPES = YES;
				CLANG_WARN_SUSPICIOUS_MOVE = YES;
				CLANG_WARN_UNGUARDED_AVAILABILITY = YES_AGGRESSIVE;
				CLANG_WARN_UNREACHABLE_CODE = YES;
				CLANG_WARN__DUPLICATE_METHOD_MATCH = YES;
				CODE_SIGN_IDENTITY = "-";
				COPY_PHASE_STRIP = NO;
				DEBUG_INFORMATION_FORMAT = "dwarf-with-dsym";
				ENABLE_NS_ASSERTIONS = NO;
				ENABLE_STRICT_OBJC_MSGSEND = YES;
				GCC_C_LANGUAGE_STANDARD = gnu11;
				GCC_NO_COMMON_BLOCKS = YES;
				GCC_WARN_64_TO_32_BIT_CONVERSION = YES;
				GCC_WARN_ABOUT_RETURN_TYPE = YES_ERROR;
				GCC_WARN_UNDECLARED_SELECTOR = YES;
				GCC_WARN_UNINITIALIZED_AUTOS = YES_AGGRESSIVE;
				GCC_WARN_UNUSED_FUNCTION = YES;
				GCC_WARN_UNUSED_VARIABLE = YES;
				MACOSX_DEPLOYMENT_TARGET = 10.13;
				MTL_ENABLE_DEBUG_INFO = NO;
				MTL_FAST_MATH = YES;
				SDKROOT = macosx;
				SWIFT_COMPILATION_MODE = wholemodule;
				SWIFT_OPTIMIZATION_LEVEL = "-O";
			};
			name = Release;
		};
		C4A3BB3A2277C61100754989 /* Debug */ = {
			isa = XCBuildConfiguration;
			buildSettings = {
				ASSETCATALOG_COMPILER_APPICON_NAME = AppIcon;
				CODE_SIGN_ENTITLEMENTS = ScrapBook/ScrapBook.entitlements;
				CODE_SIGN_STYLE = Automatic;
				COMBINE_HIDPI_IMAGES = YES;
				INFOPLIST_FILE = ScrapBook/Info.plist;
				LD_RUNPATH_SEARCH_PATHS = (
					"$(inherited)",
					"@executable_path/../Frameworks",
				);
				PRODUCT_BUNDLE_IDENTIFIER = hachisai.ScrapBook;
				PRODUCT_NAME = "$(TARGET_NAME)";
				SWIFT_VERSION = 4.2;
			};
			name = Debug;
		};
		C4A3BB3B2277C61100754989 /* Release */ = {
			isa = XCBuildConfiguration;
			buildSettings = {
				ASSETCATALOG_COMPILER_APPICON_NAME = AppIcon;
				CODE_SIGN_ENTITLEMENTS = ScrapBook/ScrapBook.entitlements;
				CODE_SIGN_STYLE = Automatic;
				COMBINE_HIDPI_IMAGES = YES;
				INFOPLIST_FILE = ScrapBook/Info.plist;
				LD_RUNPATH_SEARCH_PATHS = (
					"$(inherited)",
					"@executable_path/../Frameworks",
				);
				PRODUCT_BUNDLE_IDENTIFIER = hachisai.ScrapBook;
				PRODUCT_NAME = "$(TARGET_NAME)";
				SWIFT_VERSION = 4.2;
			};
			name = Release;
		};
		C4A3BB3D2277C61100754989 /* Debug */ = {
			isa = XCBuildConfiguration;
			buildSettings = {
				ALWAYS_EMBED_SWIFT_STANDARD_LIBRARIES = YES;
				BUNDLE_LOADER = "$(TEST_HOST)";
				CODE_SIGN_STYLE = Automatic;
				COMBINE_HIDPI_IMAGES = YES;
				INFOPLIST_FILE = ScrapBookTests/Info.plist;
				LD_RUNPATH_SEARCH_PATHS = (
					"$(inherited)",
					"@executable_path/../Frameworks",
					"@loader_path/../Frameworks",
				);
				PRODUCT_BUNDLE_IDENTIFIER = hachisai.ScrapBookTests;
				PRODUCT_NAME = "$(TARGET_NAME)";
				SWIFT_VERSION = 4.2;
				TEST_HOST = "$(BUILT_PRODUCTS_DIR)/ScrapBook.app/Contents/MacOS/ScrapBook";
			};
			name = Debug;
		};
		C4A3BB3E2277C61100754989 /* Release */ = {
			isa = XCBuildConfiguration;
			buildSettings = {
				ALWAYS_EMBED_SWIFT_STANDARD_LIBRARIES = YES;
				BUNDLE_LOADER = "$(TEST_HOST)";
				CODE_SIGN_STYLE = Automatic;
				COMBINE_HIDPI_IMAGES = YES;
				INFOPLIST_FILE = ScrapBookTests/Info.plist;
				LD_RUNPATH_SEARCH_PATHS = (
					"$(inherited)",
					"@executable_path/../Frameworks",
					"@loader_path/../Frameworks",
				);
				PRODUCT_BUNDLE_IDENTIFIER = hachisai.ScrapBookTests;
				PRODUCT_NAME = "$(TARGET_NAME)";
				SWIFT_VERSION = 4.2;
				TEST_HOST = "$(BUILT_PRODUCTS_DIR)/ScrapBook.app/Contents/MacOS/ScrapBook";
			};
			name = Release;
		};
		C4A3BB402277C61100754989 /* Debug */ = {
			isa = XCBuildConfiguration;
			buildSettings = {
				ALWAYS_EMBED_SWIFT_STANDARD_LIBRARIES = YES;
				CODE_SIGN_STYLE = Automatic;
				COMBINE_HIDPI_IMAGES = YES;
				INFOPLIST_FILE = ScrapBookUITests/Info.plist;
				LD_RUNPATH_SEARCH_PATHS = (
					"$(inherited)",
					"@executable_path/../Frameworks",
					"@loader_path/../Frameworks",
				);
				PRODUCT_BUNDLE_IDENTIFIER = hachisai.ScrapBookUITests;
				PRODUCT_NAME = "$(TARGET_NAME)";
				SWIFT_VERSION = 4.2;
				TEST_TARGET_NAME = ScrapBook;
			};
			name = Debug;
		};
		C4A3BB412277C61100754989 /* Release */ = {
			isa = XCBuildConfiguration;
			buildSettings = {
				ALWAYS_EMBED_SWIFT_STANDARD_LIBRARIES = YES;
				CODE_SIGN_STYLE = Automatic;
				COMBINE_HIDPI_IMAGES = YES;
				INFOPLIST_FILE = ScrapBookUITests/Info.plist;
				LD_RUNPATH_SEARCH_PATHS = (
					"$(inherited)",
					"@executable_path/../Frameworks",
					"@loader_path/../Frameworks",
				);
				PRODUCT_BUNDLE_IDENTIFIER = hachisai.ScrapBookUITests;
				PRODUCT_NAME = "$(TARGET_NAME)";
				SWIFT_VERSION = 4.2;
				TEST_TARGET_NAME = ScrapBook;
			};
			name = Release;
		};
/* End XCBuildConfiguration section */

/* Begin XCConfigurationList section */
		C4A3BB0E2277C61000754989 /* Build configuration list for PBXProject "ScrapBook" */ = {
			isa = XCConfigurationList;
			buildConfigurations = (
				C4A3BB372277C61100754989 /* Debug */,
				C4A3BB382277C61100754989 /* Release */,
			);
			defaultConfigurationIsVisible = 0;
			defaultConfigurationName = Release;
		};
		C4A3BB392277C61100754989 /* Build configuration list for PBXNativeTarget "ScrapBook" */ = {
			isa = XCConfigurationList;
			buildConfigurations = (
				C4A3BB3A2277C61100754989 /* Debug */,
				C4A3BB3B2277C61100754989 /* Release */,
			);
			defaultConfigurationIsVisible = 0;
			defaultConfigurationName = Release;
		};
		C4A3BB3C2277C61100754989 /* Build configuration list for PBXNativeTarget "ScrapBookTests" */ = {
			isa = XCConfigurationList;
			buildConfigurations = (
				C4A3BB3D2277C61100754989 /* Debug */,
				C4A3BB3E2277C61100754989 /* Release */,
			);
			defaultConfigurationIsVisible = 0;
			defaultConfigurationName = Release;
		};
		C4A3BB3F2277C61100754989 /* Build configuration list for PBXNativeTarget "ScrapBookUITests" */ = {
			isa = XCConfigurationList;
			buildConfigurations = (
				C4A3BB402277C61100754989 /* Debug */,
				C4A3BB412277C61100754989 /* Release */,
			);
			defaultConfigurationIsVisible = 0;
			defaultConfigurationName = Release;
		};
/* End XCConfigurationList section */
	};
	rootObject = C4A3BB0B2277C61000754989 /* Project object */;
}
